
Microsoft Visual Studio Solution File, Format Version 12.00
# Visual Studio Version 17
VisualStudioVersion = 17.11.35327.3
MinimumVisualStudioVersion = 10.0.40219.1
Project("{9A19103F-16F7-4668-BE54-9A1E7A4F7556}") = "EtherApp", "EtherApp\EtherApp.csproj", "{6F6D5942-BBB0-4F9B-BA5F-5B1EA9C599D9}"
EndProject
Project("{FAE04EC0-301F-11D3-BF4B-00C04F79EFBC}") = "EtherApp.Data", "EtherApp.Data\EtherApp.Data.csproj", "{4FE9F19A-61EE-44C2-854A-21829CB520F3}"
EndProject
Project("{FAE04EC0-301F-11D3-BF4B-00C04F79EFBC}") = "EtherApp.Shared", "EtherApp.Shared\EtherApp.Shared.csproj", "{919D42B9-910F-404F-B9CD-E2A76B637C21}"
EndProject
Global
	GlobalSection(SolutionConfigurationPlatforms) = preSolution
		Debug|Any CPU = Debug|Any CPU
		Release|Any CPU = Release|Any CPU
	EndGlobalSection
	GlobalSection(ProjectConfigurationPlatforms) = postSolution
		{6F6D5942-BBB0-4F9B-BA5F-5B1EA9C599D9}.Debug|Any CPU.ActiveCfg = Debug|Any CPU
		{6F6D5942-BBB0-4F9B-BA5F-5B1EA9C599D9}.Debug|Any CPU.Build.0 = Debug|Any CPU
		{6F6D5942-BBB0-4F9B-BA5F-5B1EA9C599D9}.Release|Any CPU.ActiveCfg = Release|Any CPU
		{6F6D5942-BBB0-4F9B-BA5F-5B1EA9C599D9}.Release|Any CPU.Build.0 = Release|Any CPU
		{4FE9F19A-61EE-44C2-854A-21829CB520F3}.Debug|Any CPU.ActiveCfg = Debug|Any CPU
		{4FE9F19A-61EE-44C2-854A-21829CB520F3}.Debug|Any CPU.Build.0 = Debug|Any CPU
		{4FE9F19A-61EE-44C2-854A-21829CB520F3}.Release|Any CPU.ActiveCfg = Release|Any CPU
		{4FE9F19A-61EE-44C2-854A-21829CB520F3}.Release|Any CPU.Build.0 = Release|Any CPU
		{919D42B9-910F-404F-B9CD-E2A76B637C21}.Debug|Any CPU.ActiveCfg = Debug|Any CPU
		{919D42B9-910F-404F-B9CD-E2A76B637C21}.Debug|Any CPU.Build.0 = Debug|Any CPU
		{919D42B9-910F-404F-B9CD-E2A76B637C21}.Release|Any CPU.ActiveCfg = Release|Any CPU
		{919D42B9-910F-404F-B9CD-E2A76B637C21}.Release|Any CPU.Build.0 = Release|Any CPU
	EndGlobalSection
	GlobalSection(SolutionProperties) = preSolution
		HideSolutionNode = FALSE
	EndGlobalSection
	GlobalSection(ExtensibilityGlobals) = postSolution
		SolutionGuid = {75D789C8-E80C-48C3-A9B5-2B2E465D56B8}
	EndGlobalSection
EndGlobal
